
Microsoft Visual Studio Solution File, Format Version 12.00
# Visual Studio Version 17
VisualStudioVersion = 17.5.33424.131
MinimumVisualStudioVersion = 10.0.40219.1
Project("{FAE04EC0-301F-11D3-BF4B-00C04F79EFBC}") = "Selenium_project", "Selenium_project\Selenium_project.csproj", "{52AFA943-4A39-49BC-9D28-10833673B6B6}"
EndProject
Global
	GlobalSection(SolutionConfigurationPlatforms) = preSolution
		Debug|Any CPU = Debug|Any CPU
		Release|Any CPU = Release|Any CPU
	EndGlobalSection
	GlobalSection(ProjectConfigurationPlatforms) = postSolution
		{52AFA943-4A39-49BC-9D28-10833673B6B6}.Debug|Any CPU.ActiveCfg = Debug|Any CPU
		{52AFA943-4A39-49BC-9D28-10833673B6B6}.Debug|Any CPU.Build.0 = Debug|Any CPU
		{52AFA943-4A39-49BC-9D28-10833673B6B6}.Release|Any CPU.ActiveCfg = Release|Any CPU
		{52AFA943-4A39-49BC-9D28-10833673B6B6}.Release|Any CPU.Build.0 = Release|Any CPU
	EndGlobalSection
	GlobalSection(SolutionProperties) = preSolution
		HideSolutionNode = FALSE
	EndGlobalSection
	GlobalSection(ExtensibilityGlobals) = postSolution
		SolutionGuid = {B3CD14F2-5982-4434-8F01-2BF8C9AFD365}
	EndGlobalSection
EndGlobal
